
Microsoft Visual Studio Solution File, Format Version 12.00
# 17
VisualStudioVersion = 17.0.31710.8
MinimumVisualStudioVersion = 10.0.40219.1
Project("{2150E333-8FDC-42A3-9474-1A3956D46DE8}") = "Solution Items", "Solution Items", "{71E357C7-8DF1-447D-A0CA-084BA3F2AF83}"
	ProjectSection(SolutionItems) = preProject
		.editorconfig = .editorconfig
		src\Directory.Build.props = src\Directory.Build.props
		src\Directory.Build.targets = src\Directory.Build.targets
		Directory.Packages.props = Directory.Packages.props
		.github\workflows\dotnet.yml = .github\workflows\dotnet.yml
		global.json = global.json
		nuget.config = nuget.config
		Readme.md = Readme.md
		THIRD-PARTY-NOTICES.txt = THIRD-PARTY-NOTICES.txt
		version.json = version.json
	EndProjectSection
EndProject
Project("{2150E333-8FDC-42A3-9474-1A3956D46DE8}") = "src", "src", "{175AB6E2-5FB5-4C15-94C2-DCA2EE6B0703}"
EndProject
Project("{2150E333-8FDC-42A3-9474-1A3956D46DE8}") = "samples", "samples", "{50192AAF-25B6-447A-99AA-BA8161DBB594}"
EndProject
Project("{9A19103F-16F7-4668-BE54-9A1E7A4F7556}") = "ControlGallery", "samples\ControlGallery\ControlGallery.csproj", "{145DC613-E47F-45D3-9538-5DCEADB3E5DF}"
EndProject
Project("{9A19103F-16F7-4668-BE54-9A1E7A4F7556}") = "BlazorBindings.UnitTests", "src\BlazorBindings.UnitTests\BlazorBindings.UnitTests.csproj", "{DA44514B-591B-447A-9EAF-E1A89EE59903}"
EndProject
Project("{9A19103F-16F7-4668-BE54-9A1E7A4F7556}") = "BlazorBindingsToDo", "samples\BlazorBindingsToDo\BlazorBindingsToDo.csproj", "{399DA09C-D565-4445-8F4D-6B7AFCA6071E}"
EndProject
Project("{2150E333-8FDC-42A3-9474-1A3956D46DE8}") = "Avalonia", "Avalonia", "{9F4F3F1F-228A-4896-BB23-DE6CFE64A63A}"
EndProject
Project("{9A19103F-16F7-4668-BE54-9A1E7A4F7556}") = "BlazorBindings.AvaloniaBindings", "src\BlazorBindings.AvaloniaBindings\BlazorBindings.AvaloniaBindings.csproj", "{CC3F59CD-EFD5-4926-B042-7EB098EC90C1}"
EndProject
Project("{9A19103F-16F7-4668-BE54-9A1E7A4F7556}") = "BlazorBindings.AvaloniaBindings.ComponentGenerator", "src\BlazorBindings.AvaloniaBindings.ComponentGenerator\BlazorBindings.AvaloniaBindings.ComponentGenerator.csproj", "{7E1C80F8-8F74-41F5-9D20-D8510821C1B2}"
EndProject
Project("{2150E333-8FDC-42A3-9474-1A3956D46DE8}") = "samples", "samples", "{9A81174C-6F1B-4BCC-85C6-1A780622EEAA}"
EndProject
Project("{9A19103F-16F7-4668-BE54-9A1E7A4F7556}") = "BlazorBindings.AvaloniaBindings.HelloWorld", "src\BlazorBindings.AvaloniaBindings.HelloWorld\BlazorBindings.AvaloniaBindings.HelloWorld.csproj", "{F2E6A53B-6FAC-41B6-9B49-29388D0BFD05}"
EndProject
Project("{9A19103F-16F7-4668-BE54-9A1E7A4F7556}") = "BlazorBindings.AvaloniaBindings.Core", "src\BlazorBindings.AvaloniaBindings.Core\BlazorBindings.AvaloniaBindings.Core.csproj", "{E1B6387B-11C3-413F-9D75-24F4A169D3B2}"
EndProject
Project("{2150E333-8FDC-42A3-9474-1A3956D46DE8}") = "templates", "templates", "{D0FF3725-31BD-4819-B51F-CA95D4E4B429}"
	ProjectSection(SolutionItems) = preProject
		..\AvaloniaXPlat\Directory.Build.props = ..\AvaloniaXPlat\Directory.Build.props
		Directory.Packages.props = Directory.Packages.props
	EndProjectSection
EndProject
Global
	GlobalSection(SolutionConfigurationPlatforms) = preSolution
		Debug|Any CPU = Debug|Any CPU
		Debug|iPhone = Debug|iPhone
		Debug|iPhoneSimulator = Debug|iPhoneSimulator
		Release|Any CPU = Release|Any CPU
		Release|iPhone = Release|iPhone
		Release|iPhoneSimulator = Release|iPhoneSimulator
	EndGlobalSection
	GlobalSection(ProjectConfigurationPlatforms) = postSolution
		{145DC613-E47F-45D3-9538-5DCEADB3E5DF}.Debug|Any CPU.ActiveCfg = Debug|Any CPU
		{145DC613-E47F-45D3-9538-5DCEADB3E5DF}.Debug|Any CPU.Build.0 = Debug|Any CPU
		{145DC613-E47F-45D3-9538-5DCEADB3E5DF}.Debug|Any CPU.Deploy.0 = Debug|Any CPU
		{145DC613-E47F-45D3-9538-5DCEADB3E5DF}.Debug|iPhone.ActiveCfg = Debug|Any CPU
		{145DC613-E47F-45D3-9538-5DCEADB3E5DF}.Debug|iPhone.Build.0 = Debug|Any CPU
		{145DC613-E47F-45D3-9538-5DCEADB3E5DF}.Debug|iPhone.Deploy.0 = Debug|Any CPU
		{145DC613-E47F-45D3-9538-5DCEADB3E5DF}.Debug|iPhoneSimulator.ActiveCfg = Debug|Any CPU
		{145DC613-E47F-45D3-9538-5DCEADB3E5DF}.Debug|iPhoneSimulator.Build.0 = Debug|Any CPU
		{145DC613-E47F-45D3-9538-5DCEADB3E5DF}.Debug|iPhoneSimulator.Deploy.0 = Debug|Any CPU
		{145DC613-E47F-45D3-9538-5DCEADB3E5DF}.Release|Any CPU.ActiveCfg = Release|Any CPU
		{145DC613-E47F-45D3-9538-5DCEADB3E5DF}.Release|Any CPU.Build.0 = Release|Any CPU
		{145DC613-E47F-45D3-9538-5DCEADB3E5DF}.Release|Any CPU.Deploy.0 = Release|Any CPU
		{145DC613-E47F-45D3-9538-5DCEADB3E5DF}.Release|iPhone.ActiveCfg = Release|Any CPU
		{145DC613-E47F-45D3-9538-5DCEADB3E5DF}.Release|iPhone.Build.0 = Release|Any CPU
		{145DC613-E47F-45D3-9538-5DCEADB3E5DF}.Release|iPhone.Deploy.0 = Release|Any CPU
		{145DC613-E47F-45D3-9538-5DCEADB3E5DF}.Release|iPhoneSimulator.ActiveCfg = Release|Any CPU
		{145DC613-E47F-45D3-9538-5DCEADB3E5DF}.Release|iPhoneSimulator.Build.0 = Release|Any CPU
		{145DC613-E47F-45D3-9538-5DCEADB3E5DF}.Release|iPhoneSimulator.Deploy.0 = Release|Any CPU
		{DA44514B-591B-447A-9EAF-E1A89EE59903}.Debug|Any CPU.ActiveCfg = Debug|Any CPU
		{DA44514B-591B-447A-9EAF-E1A89EE59903}.Debug|Any CPU.Build.0 = Debug|Any CPU
		{DA44514B-591B-447A-9EAF-E1A89EE59903}.Debug|iPhone.ActiveCfg = Debug|Any CPU
		{DA44514B-591B-447A-9EAF-E1A89EE59903}.Debug|iPhone.Build.0 = Debug|Any CPU
		{DA44514B-591B-447A-9EAF-E1A89EE59903}.Debug|iPhoneSimulator.ActiveCfg = Debug|Any CPU
		{DA44514B-591B-447A-9EAF-E1A89EE59903}.Debug|iPhoneSimulator.Build.0 = Debug|Any CPU
		{DA44514B-591B-447A-9EAF-E1A89EE59903}.Release|Any CPU.ActiveCfg = Release|Any CPU
		{DA44514B-591B-447A-9EAF-E1A89EE59903}.Release|Any CPU.Build.0 = Release|Any CPU
		{DA44514B-591B-447A-9EAF-E1A89EE59903}.Release|iPhone.ActiveCfg = Release|Any CPU
		{DA44514B-591B-447A-9EAF-E1A89EE59903}.Release|iPhone.Build.0 = Release|Any CPU
		{DA44514B-591B-447A-9EAF-E1A89EE59903}.Release|iPhoneSimulator.ActiveCfg = Release|Any CPU
		{DA44514B-591B-447A-9EAF-E1A89EE59903}.Release|iPhoneSimulator.Build.0 = Release|Any CPU
		{399DA09C-D565-4445-8F4D-6B7AFCA6071E}.Debug|Any CPU.ActiveCfg = Debug|Any CPU
		{399DA09C-D565-4445-8F4D-6B7AFCA6071E}.Debug|Any CPU.Build.0 = Debug|Any CPU
		{399DA09C-D565-4445-8F4D-6B7AFCA6071E}.Debug|Any CPU.Deploy.0 = Debug|Any CPU
		{399DA09C-D565-4445-8F4D-6B7AFCA6071E}.Debug|iPhone.ActiveCfg = Debug|Any CPU
		{399DA09C-D565-4445-8F4D-6B7AFCA6071E}.Debug|iPhone.Build.0 = Debug|Any CPU
		{399DA09C-D565-4445-8F4D-6B7AFCA6071E}.Debug|iPhone.Deploy.0 = Debug|Any CPU
		{399DA09C-D565-4445-8F4D-6B7AFCA6071E}.Debug|iPhoneSimulator.ActiveCfg = Debug|Any CPU
		{399DA09C-D565-4445-8F4D-6B7AFCA6071E}.Debug|iPhoneSimulator.Build.0 = Debug|Any CPU
		{399DA09C-D565-4445-8F4D-6B7AFCA6071E}.Debug|iPhoneSimulator.Deploy.0 = Debug|Any CPU
		{399DA09C-D565-4445-8F4D-6B7AFCA6071E}.Release|Any CPU.ActiveCfg = Release|Any CPU
		{399DA09C-D565-4445-8F4D-6B7AFCA6071E}.Release|Any CPU.Build.0 = Release|Any CPU
		{399DA09C-D565-4445-8F4D-6B7AFCA6071E}.Release|Any CPU.Deploy.0 = Release|Any CPU
		{399DA09C-D565-4445-8F4D-6B7AFCA6071E}.Release|iPhone.ActiveCfg = Release|Any CPU
		{399DA09C-D565-4445-8F4D-6B7AFCA6071E}.Release|iPhone.Build.0 = Release|Any CPU
		{399DA09C-D565-4445-8F4D-6B7AFCA6071E}.Release|iPhone.Deploy.0 = Release|Any CPU
		{399DA09C-D565-4445-8F4D-6B7AFCA6071E}.Release|iPhoneSimulator.ActiveCfg = Release|Any CPU
		{399DA09C-D565-4445-8F4D-6B7AFCA6071E}.Release|iPhoneSimulator.Build.0 = Release|Any CPU
		{399DA09C-D565-4445-8F4D-6B7AFCA6071E}.Release|iPhoneSimulator.Deploy.0 = Release|Any CPU
		{CC3F59CD-EFD5-4926-B042-7EB098EC90C1}.Debug|Any CPU.ActiveCfg = Debug|Any CPU
		{CC3F59CD-EFD5-4926-B042-7EB098EC90C1}.Debug|Any CPU.Build.0 = Debug|Any CPU
		{CC3F59CD-EFD5-4926-B042-7EB098EC90C1}.Debug|iPhone.ActiveCfg = Debug|Any CPU
		{CC3F59CD-EFD5-4926-B042-7EB098EC90C1}.Debug|iPhone.Build.0 = Debug|Any CPU
		{CC3F59CD-EFD5-4926-B042-7EB098EC90C1}.Debug|iPhoneSimulator.ActiveCfg = Debug|Any CPU
		{CC3F59CD-EFD5-4926-B042-7EB098EC90C1}.Debug|iPhoneSimulator.Build.0 = Debug|Any CPU
		{CC3F59CD-EFD5-4926-B042-7EB098EC90C1}.Release|Any CPU.ActiveCfg = Release|Any CPU
		{CC3F59CD-EFD5-4926-B042-7EB098EC90C1}.Release|Any CPU.Build.0 = Release|Any CPU
		{CC3F59CD-EFD5-4926-B042-7EB098EC90C1}.Release|iPhone.ActiveCfg = Release|Any CPU
		{CC3F59CD-EFD5-4926-B042-7EB098EC90C1}.Release|iPhone.Build.0 = Release|Any CPU
		{CC3F59CD-EFD5-4926-B042-7EB098EC90C1}.Release|iPhoneSimulator.ActiveCfg = Release|Any CPU
		{CC3F59CD-EFD5-4926-B042-7EB098EC90C1}.Release|iPhoneSimulator.Build.0 = Release|Any CPU
		{7E1C80F8-8F74-41F5-9D20-D8510821C1B2}.Debug|Any CPU.ActiveCfg = Debug|Any CPU
		{7E1C80F8-8F74-41F5-9D20-D8510821C1B2}.Debug|Any CPU.Build.0 = Debug|Any CPU
		{7E1C80F8-8F74-41F5-9D20-D8510821C1B2}.Debug|iPhone.ActiveCfg = Debug|Any CPU
		{7E1C80F8-8F74-41F5-9D20-D8510821C1B2}.Debug|iPhone.Build.0 = Debug|Any CPU
		{7E1C80F8-8F74-41F5-9D20-D8510821C1B2}.Debug|iPhoneSimulator.ActiveCfg = Debug|Any CPU
		{7E1C80F8-8F74-41F5-9D20-D8510821C1B2}.Debug|iPhoneSimulator.Build.0 = Debug|Any CPU
		{7E1C80F8-8F74-41F5-9D20-D8510821C1B2}.Release|Any CPU.ActiveCfg = Release|Any CPU
		{7E1C80F8-8F74-41F5-9D20-D8510821C1B2}.Release|Any CPU.Build.0 = Release|Any CPU
		{7E1C80F8-8F74-41F5-9D20-D8510821C1B2}.Release|iPhone.ActiveCfg = Release|Any CPU
		{7E1C80F8-8F74-41F5-9D20-D8510821C1B2}.Release|iPhone.Build.0 = Release|Any CPU
		{7E1C80F8-8F74-41F5-9D20-D8510821C1B2}.Release|iPhoneSimulator.ActiveCfg = Release|Any CPU
		{7E1C80F8-8F74-41F5-9D20-D8510821C1B2}.Release|iPhoneSimulator.Build.0 = Release|Any CPU
		{F2E6A53B-6FAC-41B6-9B49-29388D0BFD05}.Debug|Any CPU.ActiveCfg = Debug|Any CPU
		{F2E6A53B-6FAC-41B6-9B49-29388D0BFD05}.Debug|Any CPU.Build.0 = Debug|Any CPU
		{F2E6A53B-6FAC-41B6-9B49-29388D0BFD05}.Debug|iPhone.ActiveCfg = Debug|Any CPU
		{F2E6A53B-6FAC-41B6-9B49-29388D0BFD05}.Debug|iPhone.Build.0 = Debug|Any CPU
		{F2E6A53B-6FAC-41B6-9B49-29388D0BFD05}.Debug|iPhoneSimulator.ActiveCfg = Debug|Any CPU
		{F2E6A53B-6FAC-41B6-9B49-29388D0BFD05}.Debug|iPhoneSimulator.Build.0 = Debug|Any CPU
		{F2E6A53B-6FAC-41B6-9B49-29388D0BFD05}.Release|Any CPU.ActiveCfg = Release|Any CPU
		{F2E6A53B-6FAC-41B6-9B49-29388D0BFD05}.Release|Any CPU.Build.0 = Release|Any CPU
		{F2E6A53B-6FAC-41B6-9B49-29388D0BFD05}.Release|iPhone.ActiveCfg = Release|Any CPU
		{F2E6A53B-6FAC-41B6-9B49-29388D0BFD05}.Release|iPhone.Build.0 = Release|Any CPU
		{F2E6A53B-6FAC-41B6-9B49-29388D0BFD05}.Release|iPhoneSimulator.ActiveCfg = Release|Any CPU
		{F2E6A53B-6FAC-41B6-9B49-29388D0BFD05}.Release|iPhoneSimulator.Build.0 = Release|Any CPU
		{E1B6387B-11C3-413F-9D75-24F4A169D3B2}.Debug|Any CPU.ActiveCfg = Debug|Any CPU
		{E1B6387B-11C3-413F-9D75-24F4A169D3B2}.Debug|Any CPU.Build.0 = Debug|Any CPU
		{E1B6387B-11C3-413F-9D75-24F4A169D3B2}.Debug|iPhone.ActiveCfg = Debug|Any CPU
		{E1B6387B-11C3-413F-9D75-24F4A169D3B2}.Debug|iPhone.Build.0 = Debug|Any CPU
		{E1B6387B-11C3-413F-9D75-24F4A169D3B2}.Debug|iPhoneSimulator.ActiveCfg = Debug|Any CPU
		{E1B6387B-11C3-413F-9D75-24F4A169D3B2}.Debug|iPhoneSimulator.Build.0 = Debug|Any CPU
		{E1B6387B-11C3-413F-9D75-24F4A169D3B2}.Release|Any CPU.ActiveCfg = Release|Any CPU
		{E1B6387B-11C3-413F-9D75-24F4A169D3B2}.Release|Any CPU.Build.0 = Release|Any CPU
		{E1B6387B-11C3-413F-9D75-24F4A169D3B2}.Release|iPhone.ActiveCfg = Release|Any CPU
		{E1B6387B-11C3-413F-9D75-24F4A169D3B2}.Release|iPhone.Build.0 = Release|Any CPU
		{E1B6387B-11C3-413F-9D75-24F4A169D3B2}.Release|iPhoneSimulator.ActiveCfg = Release|Any CPU
		{E1B6387B-11C3-413F-9D75-24F4A169D3B2}.Release|iPhoneSimulator.Build.0 = Release|Any CPU
	EndGlobalSection
	GlobalSection(SolutionProperties) = preSolution
		HideSolutionNode = FALSE
	EndGlobalSection
	GlobalSection(NestedProjects) = preSolution
		{145DC613-E47F-45D3-9538-5DCEADB3E5DF} = {50192AAF-25B6-447A-99AA-BA8161DBB594}
		{DA44514B-591B-447A-9EAF-E1A89EE59903} = {175AB6E2-5FB5-4C15-94C2-DCA2EE6B0703}
		{399DA09C-D565-4445-8F4D-6B7AFCA6071E} = {50192AAF-25B6-447A-99AA-BA8161DBB594}
		{9F4F3F1F-228A-4896-BB23-DE6CFE64A63A} = {175AB6E2-5FB5-4C15-94C2-DCA2EE6B0703}
		{CC3F59CD-EFD5-4926-B042-7EB098EC90C1} = {9F4F3F1F-228A-4896-BB23-DE6CFE64A63A}
		{7E1C80F8-8F74-41F5-9D20-D8510821C1B2} = {9F4F3F1F-228A-4896-BB23-DE6CFE64A63A}
		{9A81174C-6F1B-4BCC-85C6-1A780622EEAA} = {9F4F3F1F-228A-4896-BB23-DE6CFE64A63A}
		{F2E6A53B-6FAC-41B6-9B49-29388D0BFD05} = {9A81174C-6F1B-4BCC-85C6-1A780622EEAA}
		{E1B6387B-11C3-413F-9D75-24F4A169D3B2} = {9F4F3F1F-228A-4896-BB23-DE6CFE64A63A}
		{D0FF3725-31BD-4819-B51F-CA95D4E4B429} = {9F4F3F1F-228A-4896-BB23-DE6CFE64A63A}
	EndGlobalSection
	GlobalSection(ExtensibilityGlobals) = postSolution
		SolutionGuid = {A645A7FF-3F09-414D-A391-7E50C3597F05}
	EndGlobalSection
EndGlobal
